
Microsoft Visual Studio Solution File, Format Version 12.00
# Visual Studio Version 16
VisualStudioVersion = 16.0.31624.102
MinimumVisualStudioVersion = 10.0.40219.1
Project("{FAE04EC0-301F-11D3-BF4B-00C04F79EFBC}") = "HW-C-SimpleTipCalculator.Android", "HW-C-SimpleTipCalculator\HW-C-SimpleTipCalculator.Android\HW-C-SimpleTipCalculator.Android.csproj", "{352D8397-9E54-4B8F-815B-0A0DD892C0B2}"
EndProject
Project("{FAE04EC0-301F-11D3-BF4B-00C04F79EFBC}") = "HW-C-SimpleTipCalculator.iOS", "HW-C-SimpleTipCalculator\HW-C-SimpleTipCalculator.iOS\HW-C-SimpleTipCalculator.iOS.csproj", "{A16B7025-1926-45EF-B8E8-B9588A183896}"
EndProject
Project("{FAE04EC0-301F-11D3-BF4B-00C04F79EFBC}") = "HW-C-SimpleTipCalculator", "HW-C-SimpleTipCalculator\HW-C-SimpleTipCalculator\HW-C-SimpleTipCalculator.csproj", "{3F6E3739-C304-4195-B179-ACBB65A52783}"
EndProject
Global
	GlobalSection(SolutionConfigurationPlatforms) = preSolution
		Debug|Any CPU = Debug|Any CPU
		Debug|iPhone = Debug|iPhone
		Debug|iPhoneSimulator = Debug|iPhoneSimulator
		Release|Any CPU = Release|Any CPU
		Release|iPhone = Release|iPhone
		Release|iPhoneSimulator = Release|iPhoneSimulator
	EndGlobalSection
	GlobalSection(ProjectConfigurationPlatforms) = postSolution
		{352D8397-9E54-4B8F-815B-0A0DD892C0B2}.Debug|Any CPU.ActiveCfg = Debug|Any CPU
		{352D8397-9E54-4B8F-815B-0A0DD892C0B2}.Debug|Any CPU.Build.0 = Debug|Any CPU
		{352D8397-9E54-4B8F-815B-0A0DD892C0B2}.Debug|Any CPU.Deploy.0 = Debug|Any CPU
		{352D8397-9E54-4B8F-815B-0A0DD892C0B2}.Debug|iPhone.ActiveCfg = Debug|Any CPU
		{352D8397-9E54-4B8F-815B-0A0DD892C0B2}.Debug|iPhone.Build.0 = Debug|Any CPU
		{352D8397-9E54-4B8F-815B-0A0DD892C0B2}.Debug|iPhone.Deploy.0 = Debug|Any CPU
		{352D8397-9E54-4B8F-815B-0A0DD892C0B2}.Debug|iPhoneSimulator.ActiveCfg = Debug|Any CPU
		{352D8397-9E54-4B8F-815B-0A0DD892C0B2}.Debug|iPhoneSimulator.Build.0 = Debug|Any CPU
		{352D8397-9E54-4B8F-815B-0A0DD892C0B2}.Debug|iPhoneSimulator.Deploy.0 = Debug|Any CPU
		{352D8397-9E54-4B8F-815B-0A0DD892C0B2}.Release|Any CPU.ActiveCfg = Release|Any CPU
		{352D8397-9E54-4B8F-815B-0A0DD892C0B2}.Release|Any CPU.Build.0 = Release|Any CPU
		{352D8397-9E54-4B8F-815B-0A0DD892C0B2}.Release|Any CPU.Deploy.0 = Release|Any CPU
		{352D8397-9E54-4B8F-815B-0A0DD892C0B2}.Release|iPhone.ActiveCfg = Release|Any CPU
		{352D8397-9E54-4B8F-815B-0A0DD892C0B2}.Release|iPhone.Build.0 = Release|Any CPU
		{352D8397-9E54-4B8F-815B-0A0DD892C0B2}.Release|iPhone.Deploy.0 = Release|Any CPU
		{352D8397-9E54-4B8F-815B-0A0DD892C0B2}.Release|iPhoneSimulator.ActiveCfg = Release|Any CPU
		{352D8397-9E54-4B8F-815B-0A0DD892C0B2}.Release|iPhoneSimulator.Build.0 = Release|Any CPU
		{352D8397-9E54-4B8F-815B-0A0DD892C0B2}.Release|iPhoneSimulator.Deploy.0 = Release|Any CPU
		{A16B7025-1926-45EF-B8E8-B9588A183896}.Debug|Any CPU.ActiveCfg = Debug|iPhone
		{A16B7025-1926-45EF-B8E8-B9588A183896}.Debug|Any CPU.Build.0 = Debug|iPhone
		{A16B7025-1926-45EF-B8E8-B9588A183896}.Debug|Any CPU.Deploy.0 = Debug|iPhone
		{A16B7025-1926-45EF-B8E8-B9588A183896}.Debug|iPhone.ActiveCfg = Debug|iPhone
		{A16B7025-1926-45EF-B8E8-B9588A183896}.Debug|iPhone.Build.0 = Debug|iPhone
		{A16B7025-1926-45EF-B8E8-B9588A183896}.Debug|iPhone.Deploy.0 = Debug|iPhone
		{A16B7025-1926-45EF-B8E8-B9588A183896}.Debug|iPhoneSimulator.ActiveCfg = Debug|iPhoneSimulator
		{A16B7025-1926-45EF-B8E8-B9588A183896}.Debug|iPhoneSimulator.Build.0 = Debug|iPhoneSimulator
		{A16B7025-1926-45EF-B8E8-B9588A183896}.Debug|iPhoneSimulator.Deploy.0 = Debug|iPhoneSimulator
		{A16B7025-1926-45EF-B8E8-B9588A183896}.Release|Any CPU.ActiveCfg = Release|iPhoneSimulator
		{A16B7025-1926-45EF-B8E8-B9588A183896}.Release|Any CPU.Build.0 = Release|iPhoneSimulator
		{A16B7025-1926-45EF-B8E8-B9588A183896}.Release|Any CPU.Deploy.0 = Release|iPhoneSimulator
		{A16B7025-1926-45EF-B8E8-B9588A183896}.Release|iPhone.ActiveCfg = Release|iPhone
		{A16B7025-1926-45EF-B8E8-B9588A183896}.Release|iPhone.Build.0 = Release|iPhone
		{A16B7025-1926-45EF-B8E8-B9588A183896}.Release|iPhone.Deploy.0 = Release|iPhone
		{A16B7025-1926-45EF-B8E8-B9588A183896}.Release|iPhoneSimulator.ActiveCfg = Release|iPhoneSimulator
		{A16B7025-1926-45EF-B8E8-B9588A183896}.Release|iPhoneSimulator.Build.0 = Release|iPhoneSimulator
		{A16B7025-1926-45EF-B8E8-B9588A183896}.Release|iPhoneSimulator.Deploy.0 = Release|iPhoneSimulator
		{3F6E3739-C304-4195-B179-ACBB65A52783}.Debug|Any CPU.ActiveCfg = Debug|Any CPU
		{3F6E3739-C304-4195-B179-ACBB65A52783}.Debug|Any CPU.Build.0 = Debug|Any CPU
		{3F6E3739-C304-4195-B179-ACBB65A52783}.Debug|Any CPU.Deploy.0 = Debug|Any CPU
		{3F6E3739-C304-4195-B179-ACBB65A52783}.Debug|iPhone.ActiveCfg = Debug|Any CPU
		{3F6E3739-C304-4195-B179-ACBB65A52783}.Debug|iPhone.Build.0 = Debug|Any CPU
		{3F6E3739-C304-4195-B179-ACBB65A52783}.Debug|iPhone.Deploy.0 = Debug|Any CPU
		{3F6E3739-C304-4195-B179-ACBB65A52783}.Debug|iPhoneSimulator.ActiveCfg = Debug|Any CPU
		{3F6E3739-C304-4195-B179-ACBB65A52783}.Debug|iPhoneSimulator.Build.0 = Debug|Any CPU
		{3F6E3739-C304-4195-B179-ACBB65A52783}.Debug|iPhoneSimulator.Deploy.0 = Debug|Any CPU
		{3F6E3739-C304-4195-B179-ACBB65A52783}.Release|Any CPU.ActiveCfg = Release|Any CPU
		{3F6E3739-C304-4195-B179-ACBB65A52783}.Release|Any CPU.Build.0 = Release|Any CPU
		{3F6E3739-C304-4195-B179-ACBB65A52783}.Release|Any CPU.Deploy.0 = Release|Any CPU
		{3F6E3739-C304-4195-B179-ACBB65A52783}.Release|iPhone.ActiveCfg = Release|Any CPU
		{3F6E3739-C304-4195-B179-ACBB65A52783}.Release|iPhone.Build.0 = Release|Any CPU
		{3F6E3739-C304-4195-B179-ACBB65A52783}.Release|iPhone.Deploy.0 = Release|Any CPU
		{3F6E3739-C304-4195-B179-ACBB65A52783}.Release|iPhoneSimulator.ActiveCfg = Release|Any CPU
		{3F6E3739-C304-4195-B179-ACBB65A52783}.Release|iPhoneSimulator.Build.0 = Release|Any CPU
		{3F6E3739-C304-4195-B179-ACBB65A52783}.Release|iPhoneSimulator.Deploy.0 = Release|Any CPU
	EndGlobalSection
	GlobalSection(SolutionProperties) = preSolution
		HideSolutionNode = FALSE
	EndGlobalSection
	GlobalSection(ExtensibilityGlobals) = postSolution
		SolutionGuid = {2C588102-4FBF-423D-9F5C-2F1C65D29E14}
	EndGlobalSection
EndGlobal
